
Microsoft Visual Studio Solution File, Format Version 12.00
# Visual Studio Version 16
VisualStudioVersion = 16.0.34301.259
MinimumVisualStudioVersion = 10.0.40219.1
Project("{FAE04EC0-301F-11D3-BF4B-00C04F79EFBC}") = "CSLz4Demo", "CSLz4Demo\CSLz4Demo.csproj", "{98E74C2F-8A1B-4767-AB73-F5C26BE1F767}"
EndProject
Global
	GlobalSection(SolutionConfigurationPlatforms) = preSolution
		Debug|Any CPU = Debug|Any CPU
		Release|Any CPU = Release|Any CPU
	EndGlobalSection
	GlobalSection(ProjectConfigurationPlatforms) = postSolution
		{98E74C2F-8A1B-4767-AB73-F5C26BE1F767}.Debug|Any CPU.ActiveCfg = Debug|Any CPU
		{98E74C2F-8A1B-4767-AB73-F5C26BE1F767}.Debug|Any CPU.Build.0 = Debug|Any CPU
		{98E74C2F-8A1B-4767-AB73-F5C26BE1F767}.Release|Any CPU.ActiveCfg = Release|Any CPU
		{98E74C2F-8A1B-4767-AB73-F5C26BE1F767}.Release|Any CPU.Build.0 = Release|Any CPU
	EndGlobalSection
	GlobalSection(SolutionProperties) = preSolution
		HideSolutionNode = FALSE
	EndGlobalSection
	GlobalSection(ExtensibilityGlobals) = postSolution
		SolutionGuid = {FA30FA97-6409-4909-844A-301654984E07}
	EndGlobalSection
EndGlobal
